// !$*UTF8*$!
{
	archiveVersion = 1;
	classes = {
	};
	objectVersion = 50;
	objects = {

/* Begin PBXBuildFile section */
		BB9B110E207C9A6600332B67 /* AppDelegate.m in Sources */ = {isa = PBXBuildFile; fileRef = BB9B110D207C9A6600332B67 /* AppDelegate.m */; };
		BB9B1111207C9A6600332B67 /* ViewController.m in Sources */ = {isa = PBXBuildFile; fileRef = BB9B1110207C9A6600332B67 /* ViewController.m */; };
		BB9B1114207C9A6600332B67 /* Main.storyboard in Resources */ = {isa = PBXBuildFile; fileRef = BB9B1112207C9A6600332B67 /* Main.storyboard */; };
		BB9B1116207C9A6600332B67 /* Assets.xcassets in Resources */ = {isa = PBXBuildFile; fileRef = BB9B1115207C9A6600332B67 /* Assets.xcassets */; };
		BB9B1119207C9A6600332B67 /* LaunchScreen.storyboard in Resources */ = {isa = PBXBuildFile; fileRef = BB9B1117207C9A6600332B67 /* LaunchScreen.storyboard */; };
		BB9B111C207C9A6600332B67 /* main.m in Sources */ = {isa = PBXBuildFile; fileRef = BB9B111B207C9A6600332B67 /* main.m */; };
		BB9B1126207C9A6700332B67 /* BugReportKitDemoTests.m in Sources */ = {isa = PBXBuildFile; fileRef = BB9B1125207C9A6700332B67 /* BugReportKitDemoTests.m */; };
		BB9B1131207C9A6700332B67 /* BugReportKitDemoUITests.m in Sources */ = {isa = PBXBuildFile; fileRef = BB9B1130207C9A6700332B67 /* BugReportKitDemoUITests.m */; };
		BB9B114A207CA8F200332B67 /* BugReportKit.framework in Frameworks */ = {isa = PBXBuildFile; fileRef = BB9B1149207CA8F200332B67 /* BugReportKit.framework */; };
		BB9B114C207CA96D00332B67 /* BugReportKit.framework in CopyFiles */ = {isa = PBXBuildFile; fileRef = BB9B1149207CA8F200332B67 /* BugReportKit.framework */; settings = {ATTRIBUTES = (CodeSignOnCopy, RemoveHeadersOnCopy, ); }; };
/* End PBXBuildFile section */

/* Begin PBXContainerItemProxy section */
		BB9B1122207C9A6700332B67 /* PBXContainerItemProxy */ = {
			isa = PBXContainerItemProxy;
			containerPortal = BB9B1101207C9A6500332B67 /* Project object */;
			proxyType = 1;
			remoteGlobalIDString = BB9B1108207C9A6500332B67;
			remoteInfo = BugReportKitDemo;
		};
		BB9B112D207C9A6700332B67 /* PBXContainerItemProxy */ = {
			isa = PBXContainerItemProxy;
			containerPortal = BB9B1101207C9A6500332B67 /* Project object */;
			proxyType = 1;
			remoteGlobalIDString = BB9B1108207C9A6500332B67;
			remoteInfo = BugReportKitDemo;
		};
/* End PBXContainerItemProxy section */

/* Begin PBXCopyFilesBuildPhase section */
		BB9B114B207CA95D00332B67 /* CopyFiles */ = {
			isa = PBXCopyFilesBuildPhase;
			buildActionMask = 2147483647;
			dstPath = "";
			dstSubfolderSpec = 10;
			files = (
				BB9B114C207CA96D00332B67 /* BugReportKit.framework in CopyFiles */,
			);
			runOnlyForDeploymentPostprocessing = 0;
		};
/* End PBXCopyFilesBuildPhase section */

/* Begin PBXFileReference section */
		BB9B1109207C9A6500332B67 /* BugReportKitDemo.app */ = {isa = PBXFileReference; explicitFileType = wrapper.application; includeInIndex = 0; path = BugReportKitDemo.app; sourceTree = BUILT_PRODUCTS_DIR; };
		BB9B110C207C9A6500332B67 /* AppDelegate.h */ = {isa = PBXFileReference; lastKnownFileType = sourcecode.c.h; path = AppDelegate.h; sourceTree = "<group>"; };
		BB9B110D207C9A6600332B67 /* AppDelegate.m */ = {isa = PBXFileReference; lastKnownFileType = sourcecode.c.objc; path = AppDelegate.m; sourceTree = "<group>"; };
		BB9B110F207C9A6600332B67 /* ViewController.h */ = {isa = PBXFileReference; lastKnownFileType = sourcecode.c.h; path = ViewController.h; sourceTree = "<group>"; };
		BB9B1110207C9A6600332B67 /* ViewController.m */ = {isa = PBXFileReference; lastKnownFileType = sourcecode.c.objc; path = ViewController.m; sourceTree = "<group>"; };
		BB9B1113207C9A6600332B67 /* Base */ = {isa = PBXFileReference; lastKnownFileType = file.storyboard; name = Base; path = Base.lproj/Main.storyboard; sourceTree = "<group>"; };
		BB9B1115207C9A6600332B67 /* Assets.xcassets */ = {isa = PBXFileReference; lastKnownFileType = folder.assetcatalog; path = Assets.xcassets; sourceTree = "<group>"; };
		BB9B1118207C9A6600332B67 /* Base */ = {isa = PBXFileReference; lastKnownFileType = file.storyboard; name = Base; path = Base.lproj/LaunchScreen.storyboard; sourceTree = "<group>"; };
		BB9B111A207C9A6600332B67 /* Info.plist */ = {isa = PBXFileReference; lastKnownFileType = text.plist.xml; path = Info.plist; sourceTree = "<group>"; };
		BB9B111B207C9A6600332B67 /* main.m */ = {isa = PBXFileReference; lastKnownFileType = sourcecode.c.objc; path = main.m; sourceTree = "<group>"; };
		BB9B1121207C9A6700332B67 /* BugReportKitDemoTests.xctest */ = {isa = PBXFileReference; explicitFileType = wrapper.cfbundle; includeInIndex = 0; path = BugReportKitDemoTests.xctest; sourceTree = BUILT_PRODUCTS_DIR; };
		BB9B1125207C9A6700332B67 /* BugReportKitDemoTests.m */ = {isa = PBXFileReference; lastKnownFileType = sourcecode.c.objc; path = BugReportKitDemoTests.m; sourceTree = "<group>"; };
		BB9B1127207C9A6700332B67 /* Info.plist */ = {isa = PBXFileReference; lastKnownFileType = text.plist.xml; path = Info.plist; sourceTree = "<group>"; };
		BB9B112C207C9A6700332B67 /* BugReportKitDemoUITests.xctest */ = {isa = PBXFileReference; explicitFileType = wrapper.cfbundle; includeInIndex = 0; path = BugReportKitDemoUITests.xctest; sourceTree = BUILT_PRODUCTS_DIR; };
		BB9B1130207C9A6700332B67 /* BugReportKitDemoUITests.m */ = {isa = PBXFileReference; lastKnownFileType = sourcecode.c.objc; path = BugReportKitDemoUITests.m; sourceTree = "<group>"; };
		BB9B1132207C9A6700332B67 /* Info.plist */ = {isa = PBXFileReference; lastKnownFileType = text.plist.xml; path = Info.plist; sourceTree = "<group>"; };
		BB9B1149207CA8F200332B67 /* BugReportKit.framework */ = {isa = PBXFileReference; lastKnownFileType = wrapper.framework; path = BugReportKit.framework; sourceTree = "<group>"; };
/* End PBXFileReference section */

/* Begin PBXFrameworksBuildPhase section */
		BB9B1106207C9A6500332B67 /* Frameworks */ = {
			isa = PBXFrameworksBuildPhase;
			buildActionMask = 2147483647;
			files = (
				BB9B114A207CA8F200332B67 /* BugReportKit.framework in Frameworks */,
			);
			runOnlyForDeploymentPostprocessing = 0;
		};
		BB9B111E207C9A6700332B67 /* Frameworks */ = {
			isa = PBXFrameworksBuildPhase;
			buildActionMask = 2147483647;
			files = (
			);
			runOnlyForDeploymentPostprocessing = 0;
		};
		BB9B1129207C9A6700332B67 /* Frameworks */ = {
			isa = PBXFrameworksBuildPhase;
			buildActionMask = 2147483647;
			files = (
			);
			runOnlyForDeploymentPostprocessing = 0;
		};
/* End PBXFrameworksBuildPhase section */

/* Begin PBXGroup section */
		BB9B1100207C9A6500332B67 = {
			isa = PBXGroup;
			children = (
				BB9B110B207C9A6500332B67 /* BugReportKitDemo */,
				BB9B1124207C9A6700332B67 /* BugReportKitDemoTests */,
				BB9B112F207C9A6700332B67 /* BugReportKitDemoUITests */,
				BB9B110A207C9A6500332B67 /* Products */,
			);
			sourceTree = "<group>";
		};
		BB9B110A207C9A6500332B67 /* Products */ = {
			isa = PBXGroup;
			children = (
				BB9B1109207C9A6500332B67 /* BugReportKitDemo.app */,
				BB9B1121207C9A6700332B67 /* BugReportKitDemoTests.xctest */,
				BB9B112C207C9A6700332B67 /* BugReportKitDemoUITests.xctest */,
			);
			name = Products;
			sourceTree = "<group>";
		};
		BB9B110B207C9A6500332B67 /* BugReportKitDemo */ = {
			isa = PBXGroup;
			children = (
				BB9B1148207CA8F200332B67 /* resources */,
				BB9B110C207C9A6500332B67 /* AppDelegate.h */,
				BB9B110D207C9A6600332B67 /* AppDelegate.m */,
				BB9B110F207C9A6600332B67 /* ViewController.h */,
				BB9B1110207C9A6600332B67 /* ViewController.m */,
				BB9B1112207C9A6600332B67 /* Main.storyboard */,
				BB9B1115207C9A6600332B67 /* Assets.xcassets */,
				BB9B1117207C9A6600332B67 /* LaunchScreen.storyboard */,
				BB9B111A207C9A6600332B67 /* Info.plist */,
				BB9B111B207C9A6600332B67 /* main.m */,
			);
			path = BugReportKitDemo;
			sourceTree = "<group>";
		};
		BB9B1124207C9A6700332B67 /* BugReportKitDemoTests */ = {
			isa = PBXGroup;
			children = (
				BB9B1125207C9A6700332B67 /* BugReportKitDemoTests.m */,
				BB9B1127207C9A6700332B67 /* Info.plist */,
			);
			path = BugReportKitDemoTests;
			sourceTree = "<group>";
		};
		BB9B112F207C9A6700332B67 /* BugReportKitDemoUITests */ = {
			isa = PBXGroup;
			children = (
				BB9B1130207C9A6700332B67 /* BugReportKitDemoUITests.m */,
				BB9B1132207C9A6700332B67 /* Info.plist */,
			);
			path = BugReportKitDemoUITests;
			sourceTree = "<group>";
		};
		BB9B1148207CA8F200332B67 /* resources */ = {
			isa = PBXGroup;
			children = (
				BB9B1149207CA8F200332B67 /* BugReportKit.framework */,
			);
			path = resources;
			sourceTree = "<group>";
		};
/* End PBXGroup section */

/* Begin PBXNativeTarget section */
		BB9B1108207C9A6500332B67 /* BugReportKitDemo */ = {
			isa = PBXNativeTarget;
			buildConfigurationList = BB9B1135207C9A6700332B67 /* Build configuration list for PBXNativeTarget "BugReportKitDemo" */;
			buildPhases = (
				BB9B1105207C9A6500332B67 /* Sources */,
				BB9B1106207C9A6500332B67 /* Frameworks */,
				BB9B1107207C9A6500332B67 /* Resources */,
				BB9B114B207CA95D00332B67 /* CopyFiles */,
			);
			buildRules = (
			);
			dependencies = (
			);
			name = BugReportKitDemo;
			productName = BugReportKitDemo;
			productReference = BB9B1109207C9A6500332B67 /* BugReportKitDemo.app */;
			productType = "com.apple.product-type.application";
		};
		BB9B1120207C9A6700332B67 /* BugReportKitDemoTests */ = {
			isa = PBXNativeTarget;
			buildConfigurationList = BB9B1138207C9A6700332B67 /* Build configuration list for PBXNativeTarget "BugReportKitDemoTests" */;
			buildPhases = (
				BB9B111D207C9A6700332B67 /* Sources */,
				BB9B111E207C9A6700332B67 /* Frameworks */,
				BB9B111F207C9A6700332B67 /* Resources */,
			);
			buildRules = (
			);
			dependencies = (
				BB9B1123207C9A6700332B67 /* PBXTargetDependency */,
			);
			name = BugReportKitDemoTests;
			productName = BugReportKitDemoTests;
			productReference = BB9B1121207C9A6700332B67 /* BugReportKitDemoTests.xctest */;
			productType = "com.apple.product-type.bundle.unit-test";
		};
		BB9B112B207C9A6700332B67 /* BugReportKitDemoUITests */ = {
			isa = PBXNativeTarget;
			buildConfigurationList = BB9B113B207C9A6700332B67 /* Build configuration list for PBXNativeTarget "BugReportKitDemoUITests" */;
			buildPhases = (
				BB9B1128207C9A6700332B67 /* Sources */,
				BB9B1129207C9A6700332B67 /* Frameworks */,
				BB9B112A207C9A6700332B67 /* Resources */,
			);
			buildRules = (
			);
			dependencies = (
				BB9B112E207C9A6700332B67 /* PBXTargetDependency */,
			);
			name = BugReportKitDemoUITests;
			productName = BugReportKitDemoUITests;
			productReference = BB9B112C207C9A6700332B67 /* BugReportKitDemoUITests.xctest */;
			productType = "com.apple.product-type.bundle.ui-testing";
		};
/* End PBXNativeTarget section */

/* Begin PBXProject section */
		BB9B1101207C9A6500332B67 /* Project object */ = {
			isa = PBXProject;
			attributes = {
				LastUpgradeCheck = 0930;
				ORGANIZATIONNAME = "Hosea Lee";
				TargetAttributes = {
					BB9B1108207C9A6500332B67 = {
						CreatedOnToolsVersion = 9.3;
					};
					BB9B1120207C9A6700332B67 = {
						CreatedOnToolsVersion = 9.3;
						TestTargetID = BB9B1108207C9A6500332B67;
					};
					BB9B112B207C9A6700332B67 = {
						CreatedOnToolsVersion = 9.3;
						TestTargetID = BB9B1108207C9A6500332B67;
					};
				};
			};
			buildConfigurationList = BB9B1104207C9A6500332B67 /* Build configuration list for PBXProject "BugReportKitDemo" */;
			compatibilityVersion = "Xcode 9.3";
			developmentRegion = en;
			hasScannedForEncodings = 0;
			knownRegions = (
				en,
				Base,
			);
			mainGroup = BB9B1100207C9A6500332B67;
			productRefGroup = BB9B110A207C9A6500332B67 /* Products */;
			projectDirPath = "";
			projectRoot = "";
			targets = (
				BB9B1108207C9A6500332B67 /* BugReportKitDemo */,
				BB9B1120207C9A6700332B67 /* BugReportKitDemoTests */,
				BB9B112B207C9A6700332B67 /* BugReportKitDemoUITests */,
			);
		};
/* End PBXProject section */

/* Begin PBXResourcesBuildPhase section */
		BB9B1107207C9A6500332B67 /* Resources */ = {
			isa = PBXResourcesBuildPhase;
			buildActionMask = 2147483647;
			files = (
				BB9B1119207C9A6600332B67 /* LaunchScreen.storyboard in Resources */,
				BB9B1116207C9A6600332B67 /* Assets.xcassets in Resources */,
				BB9B1114207C9A6600332B67 /* Main.storyboard in Resources */,
			);
			runOnlyForDeploymentPostprocessing = 0;
		};
		BB9B111F207C9A6700332B67 /* Resources */ = {
			isa = PBXResourcesBuildPhase;
			buildActionMask = 2147483647;
			files = (
			);
			runOnlyForDeploymentPostprocessing = 0;
		};
		BB9B112A207C9A6700332B67 /* Resources */ = {
			isa = PBXResourcesBuildPhase;
			buildActionMask = 2147483647;
			files = (
			);
			runOnlyForDeploymentPostprocessing = 0;
		};
/* End PBXResourcesBuildPhase section */

/* Begin PBXSourcesBuildPhase section */
		BB9B1105207C9A6500332B67 /* Sources */ = {
			isa = PBXSourcesBuildPhase;
			buildActionMask = 2147483647;
			files = (
				BB9B1111207C9A6600332B67 /* ViewController.m in Sources */,
				BB9B111C207C9A6600332B67 /* main.m in Sources */,
				BB9B110E207C9A6600332B67 /* AppDelegate.m in Sources */,
			);
			runOnlyForDeploymentPostprocessing = 0;
		};
		BB9B111D207C9A6700332B67 /* Sources */ = {
			isa = PBXSourcesBuildPhase;
			buildActionMask = 2147483647;
			files = (
				BB9B1126207C9A6700332B67 /* BugReportKitDemoTests.m in Sources */,
			);
			runOnlyForDeploymentPostprocessing = 0;
		};
		BB9B1128207C9A6700332B67 /* Sources */ = {
			isa = PBXSourcesBuildPhase;
			buildActionMask = 2147483647;
			files = (
				BB9B1131207C9A6700332B67 /* BugReportKitDemoUITests.m in Sources */,
			);
			runOnlyForDeploymentPostprocessing = 0;
		};
/* End PBXSourcesBuildPhase section */

/* Begin PBXTargetDependency section */
		BB9B1123207C9A6700332B67 /* PBXTargetDependency */ = {
			isa = PBXTargetDependency;
			target = BB9B1108207C9A6500332B67 /* BugReportKitDemo */;
			targetProxy = BB9B1122207C9A6700332B67 /* PBXContainerItemProxy */;
		};
		BB9B112E207C9A6700332B67 /* PBXTargetDependency */ = {
			isa = PBXTargetDependency;
			target = BB9B1108207C9A6500332B67 /* BugReportKitDemo */;
			targetProxy = BB9B112D207C9A6700332B67 /* PBXContainerItemProxy */;
		};
/* End PBXTargetDependency section */

/* Begin PBXVariantGroup section */
		BB9B1112207C9A6600332B67 /* Main.storyboard */ = {
			isa = PBXVariantGroup;
			children = (
				BB9B1113207C9A6600332B67 /* Base */,
			);
			name = Main.storyboard;
			sourceTree = "<group>";
		};
		BB9B1117207C9A6600332B67 /* LaunchScreen.storyboard */ = {
			isa = PBXVariantGroup;
			children = (
				BB9B1118207C9A6600332B67 /* Base */,
			);
			name = LaunchScreen.storyboard;
			sourceTree = "<group>";
		};
/* End PBXVariantGroup section */

/* Begin XCBuildConfiguration section */
		BB9B1133207C9A6700332B67 /* Debug */ = {
			isa = XCBuildConfiguration;
			buildSettings = {
				ALWAYS_SEARCH_USER_PATHS = NO;
				CLANG_ANALYZER_NONNULL = YES;
				CLANG_ANALYZER_NUMBER_OBJECT_CONVERSION = YES_AGGRESSIVE;
				CLANG_CXX_LANGUAGE_STANDARD = "gnu++14";
				CLANG_CXX_LIBRARY = "libc++";
				CLANG_ENABLE_MODULES = YES;
				CLANG_ENABLE_OBJC_ARC = YES;
				CLANG_ENABLE_OBJC_WEAK = YES;
				CLANG_WARN_BLOCK_CAPTURE_AUTORELEASING = YES;
				CLANG_WARN_BOOL_CONVERSION = YES;
				CLANG_WARN_COMMA = YES;
				CLANG_WARN_CONSTANT_CONVERSION = YES;
				CLANG_WARN_DEPRECATED_OBJC_IMPLEMENTATIONS = YES;
				CLANG_WARN_DIRECT_OBJC_ISA_USAGE = YES_ERROR;
				CLANG_WARN_DOCUMENTATION_COMMENTS = YES;
				CLANG_WARN_EMPTY_BODY = YES;
				CLANG_WARN_ENUM_CONVERSION = YES;
				CLANG_WARN_INFINITE_RECURSION = YES;
				CLANG_WARN_INT_CONVERSION = YES;
				CLANG_WARN_NON_LITERAL_NULL_CONVERSION = YES;
				CLANG_WARN_OBJC_IMPLICIT_RETAIN_SELF = YES;
				CLANG_WARN_OBJC_LITERAL_CONVERSION = YES;
				CLANG_WARN_OBJC_ROOT_CLASS = YES_ERROR;
				CLANG_WARN_RANGE_LOOP_ANALYSIS = YES;
				CLANG_WARN_STRICT_PROTOTYPES = YES;
				CLANG_WARN_SUSPICIOUS_MOVE = YES;
				CLANG_WARN_UNGUARDED_AVAILABILITY = YES_AGGRESSIVE;
				CLANG_WARN_UNREACHABLE_CODE = YES;
				CLANG_WARN__DUPLICATE_METHOD_MATCH = YES;
				CODE_SIGN_IDENTITY = "iPhone Developer";
				COPY_PHASE_STRIP = NO;
				DEBUG_INFORMATION_FORMAT = dwarf;
				ENABLE_STRICT_OBJC_MSGSEND = YES;
				ENABLE_TESTABILITY = YES;
				FRAMEWORK_SEARCH_PATHS = "$(inherited)";
				GCC_C_LANGUAGE_STANDARD = gnu11;
				GCC_DYNAMIC_NO_PIC = NO;
				GCC_NO_COMMON_BLOCKS = YES;
				GCC_OPTIMIZATION_LEVEL = 0;
				GCC_PREPROCESSOR_DEFINITIONS = (
					"DEBUG=1",
					"$(inherited)",
				);
				GCC_WARN_64_TO_32_BIT_CONVERSION = YES;
				GCC_WARN_ABOUT_RETURN_TYPE = YES_ERROR;
				GCC_WARN_UNDECLARED_SELECTOR = YES;
				GCC_WARN_UNINITIALIZED_AUTOS = YES_AGGRESSIVE;
				GCC_WARN_UNUSED_FUNCTION = YES;
				GCC_WARN_UNUSED_VARIABLE = YES;
				IPHONEOS_DEPLOYMENT_TARGET = 11.3;
				MTL_ENABLE_DEBUG_INFO = YES;
				ONLY_ACTIVE_ARCH = YES;
				SDKROOT = iphoneos;
			};
			name = Debug;
		};
		BB9B1134207C9A6700332B67 /* Release */ = {
			isa = XCBuildConfiguration;
			buildSettings = {
				ALWAYS_SEARCH_USER_PATHS = NO;
				CLANG_ANALYZER_NONNULL = YES;
				CLANG_ANALYZER_NUMBER_OBJECT_CONVERSION = YES_AGGRESSIVE;
				CLANG_CXX_LANGUAGE_STANDARD = "gnu++14";
				CLANG_CXX_LIBRARY = "libc++";
				CLANG_ENABLE_MODULES = YES;
				CLANG_ENABLE_OBJC_ARC = YES;
				CLANG_ENABLE_OBJC_WEAK = YES;
				CLANG_WARN_BLOCK_CAPTURE_AUTORELEASING = YES;
				CLANG_WARN_BOOL_CONVERSION = YES;
				CLANG_WARN_COMMA = YES;
				CLANG_WARN_CONSTANT_CONVERSION = YES;
				CLANG_WARN_DEPRECATED_OBJC_IMPLEMENTATIONS = YES;
				CLANG_WARN_DIRECT_OBJC_ISA_USAGE = YES_ERROR;
				CLANG_WARN_DOCUMENTATION_COMMENTS = YES;
				CLANG_WARN_EMPTY_BODY = YES;
				CLANG_WARN_ENUM_CONVERSION = YES;
				CLANG_WARN_INFINITE_RECURSION = YES;
				CLANG_WARN_INT_CONVERSION = YES;
				CLANG_WARN_NON_LITERAL_NULL_CONVERSION = YES;
				CLANG_WARN_OBJC_IMPLICIT_RETAIN_SELF = YES;
				CLANG_WARN_OBJC_LITERAL_CONVERSION = YES;
				CLANG_WARN_OBJC_ROOT_CLASS = YES_ERROR;
				CLANG_WARN_RANGE_LOOP_ANALYSIS = YES;
				CLANG_WARN_STRICT_PROTOTYPES = YES;
				CLANG_WARN_SUSPICIOUS_MOVE = YES;
				CLANG_WARN_UNGUARDED_AVAILABILITY = YES_AGGRESSIVE;
				CLANG_WARN_UNREACHABLE_CODE = YES;
				CLANG_WARN__DUPLICATE_METHOD_MATCH = YES;
				CODE_SIGN_IDENTITY = "iPhone Developer";
				COPY_PHASE_STRIP = NO;
				DEBUG_INFORMATION_FORMAT = "dwarf-with-dsym";
				ENABLE_NS_ASSERTIONS = NO;
				ENABLE_STRICT_OBJC_MSGSEND = YES;
				FRAMEWORK_SEARCH_PATHS = "$(inherited)";
				GCC_C_LANGUAGE_STANDARD = gnu11;
				GCC_NO_COMMON_BLOCKS = YES;
				GCC_WARN_64_TO_32_BIT_CONVERSION = YES;
				GCC_WARN_ABOUT_RETURN_TYPE = YES_ERROR;
				GCC_WARN_UNDECLARED_SELECTOR = YES;
				GCC_WARN_UNINITIALIZED_AUTOS = YES_AGGRESSIVE;
				GCC_WARN_UNUSED_FUNCTION = YES;
				GCC_WARN_UNUSED_VARIABLE = YES;
				IPHONEOS_DEPLOYMENT_TARGET = 11.3;
				MTL_ENABLE_DEBUG_INFO = NO;
				SDKROOT = iphoneos;
				VALIDATE_PRODUCT = YES;
			};
			name = Release;
		};
		BB9B1136207C9A6700332B67 /* Debug */ = {
			isa = XCBuildConfiguration;
			buildSettings = {
				ASSETCATALOG_COMPILER_APPICON_NAME = AppIcon;
				CODE_SIGN_STYLE = Automatic;
				FRAMEWORK_SEARCH_PATHS = (
					"$(inherited)",
					"$(PROJECT_DIR)/BugReportKitDemo/resources",
				);
				INFOPLIST_FILE = BugReportKitDemo/Info.plist;
				LD_RUNPATH_SEARCH_PATHS = (
					"$(inherited)",
					"@executable_path/Frameworks",
				);
				PRODUCT_BUNDLE_IDENTIFIER = com.hosealee.BugReportKitDemo;
				PRODUCT_NAME = "$(TARGET_NAME)";
				TARGETED_DEVICE_FAMILY = "1,2";
			};
			name = Debug;
		};
		BB9B1137207C9A6700332B67 /* Release */ = {
			isa = XCBuildConfiguration;
			buildSettings = {
				ASSETCATALOG_COMPILER_APPICON_NAME = AppIcon;
				CODE_SIGN_STYLE = Automatic;
				FRAMEWORK_SEARCH_PATHS = (
					"$(inherited)",
					"$(PROJECT_DIR)/BugReportKitDemo/resources",
				);
				INFOPLIST_FILE = BugReportKitDemo/Info.plist;
				LD_RUNPATH_SEARCH_PATHS = (
					"$(inherited)",
					"@executable_path/Frameworks",
				);
				PRODUCT_BUNDLE_IDENTIFIER = com.hosealee.BugReportKitDemo;
				PRODUCT_NAME = "$(TARGET_NAME)";
				TARGETED_DEVICE_FAMILY = "1,2";
			};
			name = Release;
		};
		BB9B1139207C9A6700332B67 /* Debug */ = {
			isa = XCBuildConfiguration;
			buildSettings = {
				BUNDLE_LOADER = "$(TEST_HOST)";
				CODE_SIGN_STYLE = Automatic;
				INFOPLIST_FILE = BugReportKitDemoTests/Info.plist;
				LD_RUNPATH_SEARCH_PATHS = (
					"$(inherited)",
					"@executable_path/Frameworks",
					"@loader_path/Frameworks",
				);
				PRODUCT_BUNDLE_IDENTIFIER = com.hosealee.BugReportKitDemoTests;
				PRODUCT_NAME = "$(TARGET_NAME)";
				TARGETED_DEVICE_FAMILY = "1,2";
				TEST_HOST = "$(BUILT_PRODUCTS_DIR)/BugReportKitDemo.app/BugReportKitDemo";
			};
			name = Debug;
		};
		BB9B113A207C9A6700332B67 /* Release */ = {
			isa = XCBuildConfiguration;
			buildSettings = {
				BUNDLE_LOADER = "$(TEST_HOST)";
				CODE_SIGN_STYLE = Automatic;
				INFOPLIST_FILE = BugReportKitDemoTests/Info.plist;
				LD_RUNPATH_SEARCH_PATHS = (
					"$(inherited)",
					"@executable_path/Frameworks",
					"@loader_path/Frameworks",
				);
				PRODUCT_BUNDLE_IDENTIFIER = com.hosealee.BugReportKitDemoTests;
				PRODUCT_NAME = "$(TARGET_NAME)";
				TARGETED_DEVICE_FAMILY = "1,2";
				TEST_HOST = "$(BUILT_PRODUCTS_DIR)/BugReportKitDemo.app/BugReportKitDemo";
			};
			name = Release;
		};
		BB9B113C207C9A6700332B67 /* Debug */ = {
			isa = XCBuildConfiguration;
			buildSettings = {
				CODE_SIGN_STYLE = Automatic;
				INFOPLIST_FILE = BugReportKitDemoUITests/Info.plist;
				LD_RUNPATH_SEARCH_PATHS = (
					"$(inherited)",
					"@executable_path/Frameworks",
					"@loader_path/Frameworks",
				);
				PRODUCT_BUNDLE_IDENTIFIER = com.hosealee.BugReportKitDemoUITests;
				PRODUCT_NAME = "$(TARGET_NAME)";
				TARGETED_DEVICE_FAMILY = "1,2";
				TEST_TARGET_NAME = BugReportKitDemo;
			};
			name = Debug;
		};
		BB9B113D207C9A6700332B67 /* Release */ = {
			isa = XCBuildConfiguration;
			buildSettings = {
				CODE_SIGN_STYLE = Automatic;
				INFOPLIST_FILE = BugReportKitDemoUITests/Info.plist;
				LD_RUNPATH_SEARCH_PATHS = (
					"$(inherited)",
					"@executable_path/Frameworks",
					"@loader_path/Frameworks",
				);
				PRODUCT_BUNDLE_IDENTIFIER = com.hosealee.BugReportKitDemoUITests;
				PRODUCT_NAME = "$(TARGET_NAME)";
				TARGETED_DEVICE_FAMILY = "1,2";
				TEST_TARGET_NAME = BugReportKitDemo;
			};
			name = Release;
		};
/* End XCBuildConfiguration section */

/* Begin XCConfigurationList section */
		BB9B1104207C9A6500332B67 /* Build configuration list for PBXProject "BugReportKitDemo" */ = {
			isa = XCConfigurationList;
			buildConfigurations = (
				BB9B1133207C9A6700332B67 /* Debug */,
				BB9B1134207C9A6700332B67 /* Release */,
			);
			defaultConfigurationIsVisible = 0;
			defaultConfigurationName = Release;
		};
		BB9B1135207C9A6700332B67 /* Build configuration list for PBXNativeTarget "BugReportKitDemo" */ = {
			isa = XCConfigurationList;
			buildConfigurations = (
				BB9B1136207C9A6700332B67 /* Debug */,
				BB9B1137207C9A6700332B67 /* Release */,
			);
			defaultConfigurationIsVisible = 0;
			defaultConfigurationName = Release;
		};
		BB9B1138207C9A6700332B67 /* Build configuration list for PBXNativeTarget "BugReportKitDemoTests" */ = {
			isa = XCConfigurationList;
			buildConfigurations = (
				BB9B1139207C9A6700332B67 /* Debug */,
				BB9B113A207C9A6700332B67 /* Release */,
			);
			defaultConfigurationIsVisible = 0;
			defaultConfigurationName = Release;
		};
		BB9B113B207C9A6700332B67 /* Build configuration list for PBXNativeTarget "BugReportKitDemoUITests" */ = {
			isa = XCConfigurationList;
			buildConfigurations = (
				BB9B113C207C9A6700332B67 /* Debug */,
				BB9B113D207C9A6700332B67 /* Release */,
			);
			defaultConfigurationIsVisible = 0;
			defaultConfigurationName = Release;
		};
/* End XCConfigurationList section */
	};
	rootObject = BB9B1101207C9A6500332B67 /* Project object */;
}
